
Microsoft Visual Studio Solution File, Format Version 12.00
# Visual Studio Version 17
VisualStudioVersion = 17.5.002.0
MinimumVisualStudioVersion = 10.0.40219.1
Project("{9A19103F-16F7-4668-BE54-9A1E7A4F7556}") = "Task5", "Task5.csproj", "{A54B690D-0539-44FC-81FB-2169A3B28B17}"
EndProject
Global
	GlobalSection(SolutionConfigurationPlatforms) = preSolution
		Debug|Any CPU = Debug|Any CPU
		Release|Any CPU = Release|Any CPU
	EndGlobalSection
	GlobalSection(ProjectConfigurationPlatforms) = postSolution
		{A54B690D-0539-44FC-81FB-2169A3B28B17}.Debug|Any CPU.ActiveCfg = Debug|Any CPU
		{A54B690D-0539-44FC-81FB-2169A3B28B17}.Debug|Any CPU.Build.0 = Debug|Any CPU
		{A54B690D-0539-44FC-81FB-2169A3B28B17}.Release|Any CPU.ActiveCfg = Release|Any CPU
		{A54B690D-0539-44FC-81FB-2169A3B28B17}.Release|Any CPU.Build.0 = Release|Any CPU
	EndGlobalSection
	GlobalSection(SolutionProperties) = preSolution
		HideSolutionNode = FALSE
	EndGlobalSection
	GlobalSection(ExtensibilityGlobals) = postSolution
		SolutionGuid = {C1D2E168-41E7-464A-8945-04ECACFB01B6}
	EndGlobalSection
EndGlobal
