
Microsoft Visual Studio Solution File, Format Version 12.00
# Visual Studio Version 17
VisualStudioVersion = 17.5.002.0
MinimumVisualStudioVersion = 10.0.40219.1
Project("{9A19103F-16F7-4668-BE54-9A1E7A4F7556}") = "Task1", "Task1.csproj", "{88B8C1F0-9FE9-4900-BE9A-C523DE7CBA39}"
EndProject
Global
	GlobalSection(SolutionConfigurationPlatforms) = preSolution
		Debug|Any CPU = Debug|Any CPU
		Release|Any CPU = Release|Any CPU
	EndGlobalSection
	GlobalSection(ProjectConfigurationPlatforms) = postSolution
		{88B8C1F0-9FE9-4900-BE9A-C523DE7CBA39}.Debug|Any CPU.ActiveCfg = Debug|Any CPU
		{88B8C1F0-9FE9-4900-BE9A-C523DE7CBA39}.Debug|Any CPU.Build.0 = Debug|Any CPU
		{88B8C1F0-9FE9-4900-BE9A-C523DE7CBA39}.Release|Any CPU.ActiveCfg = Release|Any CPU
		{88B8C1F0-9FE9-4900-BE9A-C523DE7CBA39}.Release|Any CPU.Build.0 = Release|Any CPU
	EndGlobalSection
	GlobalSection(SolutionProperties) = preSolution
		HideSolutionNode = FALSE
	EndGlobalSection
	GlobalSection(ExtensibilityGlobals) = postSolution
		SolutionGuid = {4A8D25B0-A182-4BE9-81B7-EFCC2D762EE4}
	EndGlobalSection
EndGlobal
